// !$*UTF8*$!
{
	archiveVersion = 1;
	classes = {
	};
	objectVersion = 46;
	objects = {

/* Begin PBXBuildFile section */
		3141147B1A69339E000E2062 /* RMLCall.cpp in Sources */ = {isa = PBXBuildFile; fileRef = 3141146A1A69339E000E2062 /* RMLCall.cpp */; };
		3141147C1A69339E000E2062 /* RMLCall.h in Headers */ = {isa = PBXBuildFile; fileRef = 3141146B1A69339E000E2062 /* RMLCall.h */; };
		3141147D1A69339E000E2062 /* RMLContext.cpp in Sources */ = {isa = PBXBuildFile; fileRef = 3141146C1A69339E000E2062 /* RMLContext.cpp */; };
		3141147E1A69339E000E2062 /* RMLContext.h in Headers */ = {isa = PBXBuildFile; fileRef = 3141146D1A69339E000E2062 /* RMLContext.h */; };
		3141147F1A69339E000E2062 /* RMLFunc.cpp in Sources */ = {isa = PBXBuildFile; fileRef = 3141146E1A69339E000E2062 /* RMLFunc.cpp */; };
		314114801A69339E000E2062 /* RMLFunc.h in Headers */ = {isa = PBXBuildFile; fileRef = 3141146F1A69339E000E2062 /* RMLFunc.h */; };
		314114811A69339E000E2062 /* RMLIReaderDelegate.h in Headers */ = {isa = PBXBuildFile; fileRef = 314114701A69339E000E2062 /* RMLIReaderDelegate.h */; };
		314114821A69339E000E2062 /* RMLKeyWords.h in Headers */ = {isa = PBXBuildFile; fileRef = 314114711A69339E000E2062 /* RMLKeyWords.h */; };
		314114831A69339E000E2062 /* RMLLibrary.cpp in Sources */ = {isa = PBXBuildFile; fileRef = 314114721A69339E000E2062 /* RMLLibrary.cpp */; };
		314114841A69339E000E2062 /* RMLLibrary.h in Headers */ = {isa = PBXBuildFile; fileRef = 314114731A69339E000E2062 /* RMLLibrary.h */; };
		314114851A69339E000E2062 /* RMLObject.h in Headers */ = {isa = PBXBuildFile; fileRef = 314114741A69339E000E2062 /* RMLObject.h */; };
		314114861A69339E000E2062 /* RMLReader.cpp in Sources */ = {isa = PBXBuildFile; fileRef = 314114751A69339E000E2062 /* RMLReader.cpp */; };
		314114871A69339E000E2062 /* RMLReader.h in Headers */ = {isa = PBXBuildFile; fileRef = 314114761A69339E000E2062 /* RMLReader.h */; };
		314114881A69339E000E2062 /* RMLTranslator.h in Headers */ = {isa = PBXBuildFile; fileRef = 314114771A69339E000E2062 /* RMLTranslator.h */; };
		314114891A69339E000E2062 /* RMLValue.cpp in Sources */ = {isa = PBXBuildFile; fileRef = 314114781A69339E000E2062 /* RMLValue.cpp */; };
		3141148A1A69339E000E2062 /* RMLValue.h in Headers */ = {isa = PBXBuildFile; fileRef = 314114791A69339E000E2062 /* RMLValue.h */; };
		3141148B1A69339E000E2062 /* RMLVector.h in Headers */ = {isa = PBXBuildFile; fileRef = 3141147A1A69339E000E2062 /* RMLVector.h */; };
		314114931A6933D4000E2062 /* main.cpp in Sources */ = {isa = PBXBuildFile; fileRef = 314114921A6933D4000E2062 /* main.cpp */; };
		314114981A693525000E2062 /* librml.a in Frameworks */ = {isa = PBXBuildFile; fileRef = 3141145B1A6932F9000E2062 /* librml.a */; };
		314114A01A69354C000E2062 /* main.cpp in Sources */ = {isa = PBXBuildFile; fileRef = 3141149F1A69354C000E2062 /* main.cpp */; };
		314114A41A6935A0000E2062 /* librml.a in Frameworks */ = {isa = PBXBuildFile; fileRef = 3141145B1A6932F9000E2062 /* librml.a */; };
		314114A81A69361C000E2062 /* PrintFunc.cpp in Sources */ = {isa = PBXBuildFile; fileRef = 314114A61A69361C000E2062 /* PrintFunc.cpp */; };
		314114A91A69361C000E2062 /* PrintFunc.h in Headers */ = {isa = PBXBuildFile; fileRef = 314114A71A69361C000E2062 /* PrintFunc.h */; };
/* End PBXBuildFile section */

/* Begin PBXCopyFilesBuildPhase section */
		3141148E1A6933D4000E2062 /* CopyFiles */ = {
			isa = PBXCopyFilesBuildPhase;
			buildActionMask = 2147483647;
			dstPath = /usr/share/man/man1/;
			dstSubfolderSpec = 0;
			files = (
			);
			runOnlyForDeploymentPostprocessing = 1;
		};
		3141149B1A69354C000E2062 /* CopyFiles */ = {
			isa = PBXCopyFilesBuildPhase;
			buildActionMask = 2147483647;
			dstPath = /usr/share/man/man1/;
			dstSubfolderSpec = 0;
			files = (
			);
			runOnlyForDeploymentPostprocessing = 1;
		};
/* End PBXCopyFilesBuildPhase section */

/* Begin PBXFileReference section */
		3141145B1A6932F9000E2062 /* librml.a */ = {isa = PBXFileReference; explicitFileType = archive.ar; includeInIndex = 0; path = librml.a; sourceTree = BUILT_PRODUCTS_DIR; };
		3141146A1A69339E000E2062 /* RMLCall.cpp */ = {isa = PBXFileReference; fileEncoding = 4; lastKnownFileType = sourcecode.cpp.cpp; path = RMLCall.cpp; sourceTree = SOURCE_ROOT; };
		3141146B1A69339E000E2062 /* RMLCall.h */ = {isa = PBXFileReference; fileEncoding = 4; lastKnownFileType = sourcecode.c.h; path = RMLCall.h; sourceTree = SOURCE_ROOT; };
		3141146C1A69339E000E2062 /* RMLContext.cpp */ = {isa = PBXFileReference; fileEncoding = 4; lastKnownFileType = sourcecode.cpp.cpp; path = RMLContext.cpp; sourceTree = SOURCE_ROOT; };
		3141146D1A69339E000E2062 /* RMLContext.h */ = {isa = PBXFileReference; fileEncoding = 4; lastKnownFileType = sourcecode.c.h; path = RMLContext.h; sourceTree = SOURCE_ROOT; };
		3141146E1A69339E000E2062 /* RMLFunc.cpp */ = {isa = PBXFileReference; fileEncoding = 4; lastKnownFileType = sourcecode.cpp.cpp; path = RMLFunc.cpp; sourceTree = SOURCE_ROOT; };
		3141146F1A69339E000E2062 /* RMLFunc.h */ = {isa = PBXFileReference; fileEncoding = 4; lastKnownFileType = sourcecode.c.h; path = RMLFunc.h; sourceTree = SOURCE_ROOT; };
		314114701A69339E000E2062 /* RMLIReaderDelegate.h */ = {isa = PBXFileReference; fileEncoding = 4; lastKnownFileType = sourcecode.c.h; path = RMLIReaderDelegate.h; sourceTree = SOURCE_ROOT; };
		314114711A69339E000E2062 /* RMLKeyWords.h */ = {isa = PBXFileReference; fileEncoding = 4; lastKnownFileType = sourcecode.c.h; path = RMLKeyWords.h; sourceTree = SOURCE_ROOT; };
		314114721A69339E000E2062 /* RMLLibrary.cpp */ = {isa = PBXFileReference; fileEncoding = 4; lastKnownFileType = sourcecode.cpp.cpp; path = RMLLibrary.cpp; sourceTree = SOURCE_ROOT; };
		314114731A69339E000E2062 /* RMLLibrary.h */ = {isa = PBXFileReference; fileEncoding = 4; lastKnownFileType = sourcecode.c.h; path = RMLLibrary.h; sourceTree = SOURCE_ROOT; };
		314114741A69339E000E2062 /* RMLObject.h */ = {isa = PBXFileReference; fileEncoding = 4; lastKnownFileType = sourcecode.c.h; path = RMLObject.h; sourceTree = SOURCE_ROOT; };
		314114751A69339E000E2062 /* RMLReader.cpp */ = {isa = PBXFileReference; fileEncoding = 4; lastKnownFileType = sourcecode.cpp.cpp; path = RMLReader.cpp; sourceTree = SOURCE_ROOT; };
		314114761A69339E000E2062 /* RMLReader.h */ = {isa = PBXFileReference; fileEncoding = 4; lastKnownFileType = sourcecode.c.h; path = RMLReader.h; sourceTree = SOURCE_ROOT; };
		314114771A69339E000E2062 /* RMLTranslator.h */ = {isa = PBXFileReference; fileEncoding = 4; lastKnownFileType = sourcecode.c.h; path = RMLTranslator.h; sourceTree = SOURCE_ROOT; };
		314114781A69339E000E2062 /* RMLValue.cpp */ = {isa = PBXFileReference; fileEncoding = 4; lastKnownFileType = sourcecode.cpp.cpp; path = RMLValue.cpp; sourceTree = SOURCE_ROOT; };
		314114791A69339E000E2062 /* RMLValue.h */ = {isa = PBXFileReference; fileEncoding = 4; lastKnownFileType = sourcecode.c.h; path = RMLValue.h; sourceTree = SOURCE_ROOT; };
		3141147A1A69339E000E2062 /* RMLVector.h */ = {isa = PBXFileReference; fileEncoding = 4; lastKnownFileType = sourcecode.c.h; path = RMLVector.h; sourceTree = SOURCE_ROOT; };
		314114901A6933D4000E2062 /* T001ReadRml */ = {isa = PBXFileReference; explicitFileType = "compiled.mach-o.executable"; includeInIndex = 0; path = T001ReadRml; sourceTree = BUILT_PRODUCTS_DIR; };
		314114921A6933D4000E2062 /* main.cpp */ = {isa = PBXFileReference; lastKnownFileType = sourcecode.cpp.cpp; path = main.cpp; sourceTree = "<group>"; };
		314114971A6934AD000E2062 /* data.xml */ = {isa = PBXFileReference; fileEncoding = 4; lastKnownFileType = text.xml; path = data.xml; sourceTree = "<group>"; };
		3141149D1A69354C000E2062 /* T002Print */ = {isa = PBXFileReference; explicitFileType = "compiled.mach-o.executable"; includeInIndex = 0; path = T002Print; sourceTree = BUILT_PRODUCTS_DIR; };
		3141149F1A69354C000E2062 /* main.cpp */ = {isa = PBXFileReference; lastKnownFileType = sourcecode.cpp.cpp; path = main.cpp; sourceTree = "<group>"; };
		314114A51A6935AD000E2062 /* app.xml */ = {isa = PBXFileReference; fileEncoding = 4; lastKnownFileType = text.xml; path = app.xml; sourceTree = "<group>"; };
		314114A61A69361C000E2062 /* PrintFunc.cpp */ = {isa = PBXFileReference; fileEncoding = 4; lastKnownFileType = sourcecode.cpp.cpp; name = PrintFunc.cpp; path = funcs/PrintFunc.cpp; sourceTree = SOURCE_ROOT; };
		314114A71A69361C000E2062 /* PrintFunc.h */ = {isa = PBXFileReference; fileEncoding = 4; lastKnownFileType = sourcecode.c.h; name = PrintFunc.h; path = funcs/PrintFunc.h; sourceTree = SOURCE_ROOT; };
/* End PBXFileReference section */

/* Begin PBXFrameworksBuildPhase section */
		314114581A6932F9000E2062 /* Frameworks */ = {
			isa = PBXFrameworksBuildPhase;
			buildActionMask = 2147483647;
			files = (
			);
			runOnlyForDeploymentPostprocessing = 0;
		};
		3141148D1A6933D4000E2062 /* Frameworks */ = {
			isa = PBXFrameworksBuildPhase;
			buildActionMask = 2147483647;
			files = (
				314114981A693525000E2062 /* librml.a in Frameworks */,
			);
			runOnlyForDeploymentPostprocessing = 0;
		};
		3141149A1A69354C000E2062 /* Frameworks */ = {
			isa = PBXFrameworksBuildPhase;
			buildActionMask = 2147483647;
			files = (
				314114A41A6935A0000E2062 /* librml.a in Frameworks */,
			);
			runOnlyForDeploymentPostprocessing = 0;
		};
/* End PBXFrameworksBuildPhase section */

/* Begin PBXGroup section */
		314114521A6932F9000E2062 = {
			isa = PBXGroup;
			children = (
				3141145D1A6932F9000E2062 /* rml */,
				314114911A6933D4000E2062 /* T001ReadRml */,
				3141149E1A69354C000E2062 /* T002Print */,
				3141145C1A6932F9000E2062 /* Products */,
			);
			sourceTree = "<group>";
		};
		3141145C1A6932F9000E2062 /* Products */ = {
			isa = PBXGroup;
			children = (
				3141145B1A6932F9000E2062 /* librml.a */,
				314114901A6933D4000E2062 /* T001ReadRml */,
				3141149D1A69354C000E2062 /* T002Print */,
			);
			name = Products;
			sourceTree = "<group>";
		};
		3141145D1A6932F9000E2062 /* rml */ = {
			isa = PBXGroup;
			children = (
				314114A61A69361C000E2062 /* PrintFunc.cpp */,
				314114A71A69361C000E2062 /* PrintFunc.h */,
				3141146A1A69339E000E2062 /* RMLCall.cpp */,
				3141146B1A69339E000E2062 /* RMLCall.h */,
				3141146C1A69339E000E2062 /* RMLContext.cpp */,
				3141146D1A69339E000E2062 /* RMLContext.h */,
				3141146E1A69339E000E2062 /* RMLFunc.cpp */,
				3141146F1A69339E000E2062 /* RMLFunc.h */,
				314114701A69339E000E2062 /* RMLIReaderDelegate.h */,
				314114711A69339E000E2062 /* RMLKeyWords.h */,
				314114721A69339E000E2062 /* RMLLibrary.cpp */,
				314114731A69339E000E2062 /* RMLLibrary.h */,
				314114741A69339E000E2062 /* RMLObject.h */,
				314114751A69339E000E2062 /* RMLReader.cpp */,
				314114761A69339E000E2062 /* RMLReader.h */,
				314114771A69339E000E2062 /* RMLTranslator.h */,
				314114781A69339E000E2062 /* RMLValue.cpp */,
				314114791A69339E000E2062 /* RMLValue.h */,
				3141147A1A69339E000E2062 /* RMLVector.h */,
			);
			path = rml;
			sourceTree = "<group>";
		};
		314114911A6933D4000E2062 /* T001ReadRml */ = {
			isa = PBXGroup;
			children = (
				314114971A6934AD000E2062 /* data.xml */,
				314114921A6933D4000E2062 /* main.cpp */,
			);
			path = T001ReadRml;
			sourceTree = "<group>";
		};
		3141149E1A69354C000E2062 /* T002Print */ = {
			isa = PBXGroup;
			children = (
				314114A51A6935AD000E2062 /* app.xml */,
				3141149F1A69354C000E2062 /* main.cpp */,
			);
			path = T002Print;
			sourceTree = "<group>";
		};
/* End PBXGroup section */

/* Begin PBXHeadersBuildPhase section */
		314114591A6932F9000E2062 /* Headers */ = {
			isa = PBXHeadersBuildPhase;
			buildActionMask = 2147483647;
			files = (
				314114811A69339E000E2062 /* RMLIReaderDelegate.h in Headers */,
				314114881A69339E000E2062 /* RMLTranslator.h in Headers */,
				3141148A1A69339E000E2062 /* RMLValue.h in Headers */,
				3141148B1A69339E000E2062 /* RMLVector.h in Headers */,
				314114821A69339E000E2062 /* RMLKeyWords.h in Headers */,
				314114841A69339E000E2062 /* RMLLibrary.h in Headers */,
				314114851A69339E000E2062 /* RMLObject.h in Headers */,
				3141147E1A69339E000E2062 /* RMLContext.h in Headers */,
				3141147C1A69339E000E2062 /* RMLCall.h in Headers */,
				314114801A69339E000E2062 /* RMLFunc.h in Headers */,
				314114A91A69361C000E2062 /* PrintFunc.h in Headers */,
				314114871A69339E000E2062 /* RMLReader.h in Headers */,
			);
			runOnlyForDeploymentPostprocessing = 0;
		};
/* End PBXHeadersBuildPhase section */

/* Begin PBXNativeTarget section */
		3141145A1A6932F9000E2062 /* rml */ = {
			isa = PBXNativeTarget;
			buildConfigurationList = 314114661A6932F9000E2062 /* Build configuration list for PBXNativeTarget "rml" */;
			buildPhases = (
				314114571A6932F9000E2062 /* Sources */,
				314114581A6932F9000E2062 /* Frameworks */,
				314114591A6932F9000E2062 /* Headers */,
			);
			buildRules = (
			);
			dependencies = (
			);
			name = rml;
			productName = rml;
			productReference = 3141145B1A6932F9000E2062 /* librml.a */;
			productType = "com.apple.product-type.library.static";
		};
		3141148F1A6933D4000E2062 /* T001ReadRml */ = {
			isa = PBXNativeTarget;
			buildConfigurationList = 314114941A6933D4000E2062 /* Build configuration list for PBXNativeTarget "T001ReadRml" */;
			buildPhases = (
				3141148C1A6933D4000E2062 /* Sources */,
				3141148D1A6933D4000E2062 /* Frameworks */,
				3141148E1A6933D4000E2062 /* CopyFiles */,
			);
			buildRules = (
			);
			dependencies = (
			);
			name = T001ReadRml;
			productName = T001ReadRml;
			productReference = 314114901A6933D4000E2062 /* T001ReadRml */;
			productType = "com.apple.product-type.tool";
		};
		3141149C1A69354C000E2062 /* T002Print */ = {
			isa = PBXNativeTarget;
			buildConfigurationList = 314114A11A69354C000E2062 /* Build configuration list for PBXNativeTarget "T002Print" */;
			buildPhases = (
				314114991A69354C000E2062 /* Sources */,
				3141149A1A69354C000E2062 /* Frameworks */,
				3141149B1A69354C000E2062 /* CopyFiles */,
			);
			buildRules = (
			);
			dependencies = (
			);
			name = T002Print;
			productName = T002Print;
			productReference = 3141149D1A69354C000E2062 /* T002Print */;
			productType = "com.apple.product-type.tool";
		};
/* End PBXNativeTarget section */

/* Begin PBXProject section */
		314114531A6932F9000E2062 /* Project object */ = {
			isa = PBXProject;
			attributes = {
				LastUpgradeCheck = 0610;
				ORGANIZATIONNAME = plter;
				TargetAttributes = {
					3141145A1A6932F9000E2062 = {
						CreatedOnToolsVersion = 6.1.1;
					};
					3141148F1A6933D4000E2062 = {
						CreatedOnToolsVersion = 6.1.1;
					};
					3141149C1A69354C000E2062 = {
						CreatedOnToolsVersion = 6.1.1;
					};
				};
			};
			buildConfigurationList = 314114561A6932F9000E2062 /* Build configuration list for PBXProject "rml" */;
			compatibilityVersion = "Xcode 3.2";
			developmentRegion = English;
			hasScannedForEncodings = 0;
			knownRegions = (
				en,
			);
			mainGroup = 314114521A6932F9000E2062;
			productRefGroup = 3141145C1A6932F9000E2062 /* Products */;
			projectDirPath = "";
			projectRoot = "";
			targets = (
				3141145A1A6932F9000E2062 /* rml */,
				3141148F1A6933D4000E2062 /* T001ReadRml */,
				3141149C1A69354C000E2062 /* T002Print */,
			);
		};
/* End PBXProject section */

/* Begin PBXSourcesBuildPhase section */
		314114571A6932F9000E2062 /* Sources */ = {
			isa = PBXSourcesBuildPhase;
			buildActionMask = 2147483647;
			files = (
				314114A81A69361C000E2062 /* PrintFunc.cpp in Sources */,
				3141147B1A69339E000E2062 /* RMLCall.cpp in Sources */,
				3141147D1A69339E000E2062 /* RMLContext.cpp in Sources */,
				3141147F1A69339E000E2062 /* RMLFunc.cpp in Sources */,
				314114891A69339E000E2062 /* RMLValue.cpp in Sources */,
				314114831A69339E000E2062 /* RMLLibrary.cpp in Sources */,
				314114861A69339E000E2062 /* RMLReader.cpp in Sources */,
			);
			runOnlyForDeploymentPostprocessing = 0;
		};
		3141148C1A6933D4000E2062 /* Sources */ = {
			isa = PBXSourcesBuildPhase;
			buildActionMask = 2147483647;
			files = (
				314114931A6933D4000E2062 /* main.cpp in Sources */,
			);
			runOnlyForDeploymentPostprocessing = 0;
		};
		314114991A69354C000E2062 /* Sources */ = {
			isa = PBXSourcesBuildPhase;
			buildActionMask = 2147483647;
			files = (
				314114A01A69354C000E2062 /* main.cpp in Sources */,
			);
			runOnlyForDeploymentPostprocessing = 0;
		};
/* End PBXSourcesBuildPhase section */

/* Begin XCBuildConfiguration section */
		314114641A6932F9000E2062 /* Debug */ = {
			isa = XCBuildConfiguration;
			buildSettings = {
				ALWAYS_SEARCH_USER_PATHS = NO;
				CLANG_CXX_LANGUAGE_STANDARD = "gnu++0x";
				CLANG_CXX_LIBRARY = "libc++";
				CLANG_ENABLE_MODULES = YES;
				CLANG_ENABLE_OBJC_ARC = YES;
				CLANG_WARN_BOOL_CONVERSION = YES;
				CLANG_WARN_CONSTANT_CONVERSION = YES;
				CLANG_WARN_DIRECT_OBJC_ISA_USAGE = YES_ERROR;
				CLANG_WARN_EMPTY_BODY = YES;
				CLANG_WARN_ENUM_CONVERSION = YES;
				CLANG_WARN_INT_CONVERSION = YES;
				CLANG_WARN_OBJC_ROOT_CLASS = YES_ERROR;
				CLANG_WARN_UNREACHABLE_CODE = YES;
				CLANG_WARN__DUPLICATE_METHOD_MATCH = YES;
				COPY_PHASE_STRIP = NO;
				ENABLE_STRICT_OBJC_MSGSEND = YES;
				GCC_C_LANGUAGE_STANDARD = gnu99;
				GCC_DYNAMIC_NO_PIC = NO;
				GCC_OPTIMIZATION_LEVEL = 0;
				GCC_PREPROCESSOR_DEFINITIONS = (
					"DEBUG=1",
					"$(inherited)",
				);
				GCC_SYMBOLS_PRIVATE_EXTERN = NO;
				GCC_WARN_64_TO_32_BIT_CONVERSION = YES;
				GCC_WARN_ABOUT_RETURN_TYPE = YES_ERROR;
				GCC_WARN_UNDECLARED_SELECTOR = YES;
				GCC_WARN_UNINITIALIZED_AUTOS = YES_AGGRESSIVE;
				GCC_WARN_UNUSED_FUNCTION = YES;
				GCC_WARN_UNUSED_VARIABLE = YES;
				MACOSX_DEPLOYMENT_TARGET = 10.10;
				MTL_ENABLE_DEBUG_INFO = YES;
				ONLY_ACTIVE_ARCH = YES;
				SDKROOT = macosx;
			};
			name = Debug;
		};
		314114651A6932F9000E2062 /* Release */ = {
			isa = XCBuildConfiguration;
			buildSettings = {
				ALWAYS_SEARCH_USER_PATHS = NO;
				CLANG_CXX_LANGUAGE_STANDARD = "gnu++0x";
				CLANG_CXX_LIBRARY = "libc++";
				CLANG_ENABLE_MODULES = YES;
				CLANG_ENABLE_OBJC_ARC = YES;
				CLANG_WARN_BOOL_CONVERSION = YES;
				CLANG_WARN_CONSTANT_CONVERSION = YES;
				CLANG_WARN_DIRECT_OBJC_ISA_USAGE = YES_ERROR;
				CLANG_WARN_EMPTY_BODY = YES;
				CLANG_WARN_ENUM_CONVERSION = YES;
				CLANG_WARN_INT_CONVERSION = YES;
				CLANG_WARN_OBJC_ROOT_CLASS = YES_ERROR;
				CLANG_WARN_UNREACHABLE_CODE = YES;
				CLANG_WARN__DUPLICATE_METHOD_MATCH = YES;
				COPY_PHASE_STRIP = YES;
				DEBUG_INFORMATION_FORMAT = "dwarf-with-dsym";
				ENABLE_NS_ASSERTIONS = NO;
				ENABLE_STRICT_OBJC_MSGSEND = YES;
				GCC_C_LANGUAGE_STANDARD = gnu99;
				GCC_WARN_64_TO_32_BIT_CONVERSION = YES;
				GCC_WARN_ABOUT_RETURN_TYPE = YES_ERROR;
				GCC_WARN_UNDECLARED_SELECTOR = YES;
				GCC_WARN_UNINITIALIZED_AUTOS = YES_AGGRESSIVE;
				GCC_WARN_UNUSED_FUNCTION = YES;
				GCC_WARN_UNUSED_VARIABLE = YES;
				MACOSX_DEPLOYMENT_TARGET = 10.10;
				MTL_ENABLE_DEBUG_INFO = NO;
				SDKROOT = macosx;
			};
			name = Release;
		};
		314114671A6932F9000E2062 /* Debug */ = {
			isa = XCBuildConfiguration;
			buildSettings = {
				EXECUTABLE_PREFIX = lib;
				GCC_ENABLE_CPP_EXCEPTIONS = YES;
				GCC_ENABLE_CPP_RTTI = YES;
				GCC_SYMBOLS_PRIVATE_EXTERN = NO;
				PRODUCT_NAME = "$(TARGET_NAME)";
			};
			name = Debug;
		};
		314114681A6932F9000E2062 /* Release */ = {
			isa = XCBuildConfiguration;
			buildSettings = {
				EXECUTABLE_PREFIX = lib;
				GCC_ENABLE_CPP_EXCEPTIONS = YES;
				GCC_ENABLE_CPP_RTTI = YES;
				GCC_SYMBOLS_PRIVATE_EXTERN = NO;
				PRODUCT_NAME = "$(TARGET_NAME)";
			};
			name = Release;
		};
		314114951A6933D4000E2062 /* Debug */ = {
			isa = XCBuildConfiguration;
			buildSettings = {
				GCC_PREPROCESSOR_DEFINITIONS = (
					"DEBUG=1",
					"$(inherited)",
				);
				PRODUCT_NAME = "$(TARGET_NAME)";
			};
			name = Debug;
		};
		314114961A6933D4000E2062 /* Release */ = {
			isa = XCBuildConfiguration;
			buildSettings = {
				PRODUCT_NAME = "$(TARGET_NAME)";
			};
			name = Release;
		};
		314114A21A69354C000E2062 /* Debug */ = {
			isa = XCBuildConfiguration;
			buildSettings = {
				GCC_PREPROCESSOR_DEFINITIONS = (
					"DEBUG=1",
					"$(inherited)",
				);
				PRODUCT_NAME = "$(TARGET_NAME)";
			};
			name = Debug;
		};
		314114A31A69354C000E2062 /* Release */ = {
			isa = XCBuildConfiguration;
			buildSettings = {
				PRODUCT_NAME = "$(TARGET_NAME)";
			};
			name = Release;
		};
/* End XCBuildConfiguration section */

/* Begin XCConfigurationList section */
		314114561A6932F9000E2062 /* Build configuration list for PBXProject "rml" */ = {
			isa = XCConfigurationList;
			buildConfigurations = (
				314114641A6932F9000E2062 /* Debug */,
				314114651A6932F9000E2062 /* Release */,
			);
			defaultConfigurationIsVisible = 0;
			defaultConfigurationName = Release;
		};
		314114661A6932F9000E2062 /* Build configuration list for PBXNativeTarget "rml" */ = {
			isa = XCConfigurationList;
			buildConfigurations = (
				314114671A6932F9000E2062 /* Debug */,
				314114681A6932F9000E2062 /* Release */,
			);
			defaultConfigurationIsVisible = 0;
		};
		314114941A6933D4000E2062 /* Build configuration list for PBXNativeTarget "T001ReadRml" */ = {
			isa = XCConfigurationList;
			buildConfigurations = (
				314114951A6933D4000E2062 /* Debug */,
				314114961A6933D4000E2062 /* Release */,
			);
			defaultConfigurationIsVisible = 0;
		};
		314114A11A69354C000E2062 /* Build configuration list for PBXNativeTarget "T002Print" */ = {
			isa = XCConfigurationList;
			buildConfigurations = (
				314114A21A69354C000E2062 /* Debug */,
				314114A31A69354C000E2062 /* Release */,
			);
			defaultConfigurationIsVisible = 0;
		};
/* End XCConfigurationList section */
	};
	rootObject = 314114531A6932F9000E2062 /* Project object */;
}
